// !$*UTF8*$!
{
	archiveVersion = 1;
	classes = {
	};
	objectVersion = 46;
	objects = {

/* Begin PBXBuildFile section */
		CED6A7651ABAC2EF00A4F08D /* AppDelegate.swift in Sources */ = {isa = PBXBuildFile; fileRef = CED6A7641ABAC2EF00A4F08D /* AppDelegate.swift */; };
		CED6A7671ABAC2EF00A4F08D /* ViewController.swift in Sources */ = {isa = PBXBuildFile; fileRef = CED6A7661ABAC2EF00A4F08D /* ViewController.swift */; };
		CED6A76A1ABAC2EF00A4F08D /* Main.storyboard in Resources */ = {isa = PBXBuildFile; fileRef = CED6A7681ABAC2EF00A4F08D /* Main.storyboard */; };
		CED6A76C1ABAC2EF00A4F08D /* Images.xcassets in Resources */ = {isa = PBXBuildFile; fileRef = CED6A76B1ABAC2EF00A4F08D /* Images.xcassets */; };
		CED6A76F1ABAC2EF00A4F08D /* LaunchScreen.xib in Resources */ = {isa = PBXBuildFile; fileRef = CED6A76D1ABAC2EF00A4F08D /* LaunchScreen.xib */; };
		CED6A77B1ABAC2EF00A4F08D /* Car_YearsTests.swift in Sources */ = {isa = PBXBuildFile; fileRef = CED6A77A1ABAC2EF00A4F08D /* Car_YearsTests.swift */; };
		CED6A7851ABAC44900A4F08D /* cat.jpg in Resources */ = {isa = PBXBuildFile; fileRef = CED6A7841ABAC44900A4F08D /* cat.jpg */; };
/* End PBXBuildFile section */

/* Begin PBXContainerItemProxy section */
		CED6A7751ABAC2EF00A4F08D /* PBXContainerItemProxy */ = {
			isa = PBXContainerItemProxy;
			containerPortal = CED6A7571ABAC2EF00A4F08D /* Project object */;
			proxyType = 1;
			remoteGlobalIDString = CED6A75E1ABAC2EF00A4F08D;
			remoteInfo = "Car Years";
		};
/* End PBXContainerItemProxy section */

/* Begin PBXFileReference section */
		CED6A75F1ABAC2EF00A4F08D /* Car Years.app */ = {isa = PBXFileReference; explicitFileType = wrapper.application; includeInIndex = 0; path = "Car Years.app"; sourceTree = BUILT_PRODUCTS_DIR; };
		CED6A7631ABAC2EF00A4F08D /* Info.plist */ = {isa = PBXFileReference; lastKnownFileType = text.plist.xml; path = Info.plist; sourceTree = "<group>"; };
		CED6A7641ABAC2EF00A4F08D /* AppDelegate.swift */ = {isa = PBXFileReference; lastKnownFileType = sourcecode.swift; path = AppDelegate.swift; sourceTree = "<group>"; };
		CED6A7661ABAC2EF00A4F08D /* ViewController.swift */ = {isa = PBXFileReference; lastKnownFileType = sourcecode.swift; path = ViewController.swift; sourceTree = "<group>"; };
		CED6A7691ABAC2EF00A4F08D /* Base */ = {isa = PBXFileReference; lastKnownFileType = file.storyboard; name = Base; path = Base.lproj/Main.storyboard; sourceTree = "<group>"; };
		CED6A76B1ABAC2EF00A4F08D /* Images.xcassets */ = {isa = PBXFileReference; lastKnownFileType = folder.assetcatalog; path = Images.xcassets; sourceTree = "<group>"; };
		CED6A76E1ABAC2EF00A4F08D /* Base */ = {isa = PBXFileReference; lastKnownFileType = file.xib; name = Base; path = Base.lproj/LaunchScreen.xib; sourceTree = "<group>"; };
		CED6A7741ABAC2EF00A4F08D /* Car YearsTests.xctest */ = {isa = PBXFileReference; explicitFileType = wrapper.cfbundle; includeInIndex = 0; path = "Car YearsTests.xctest"; sourceTree = BUILT_PRODUCTS_DIR; };
		CED6A7791ABAC2EF00A4F08D /* Info.plist */ = {isa = PBXFileReference; lastKnownFileType = text.plist.xml; path = Info.plist; sourceTree = "<group>"; };
		CED6A77A1ABAC2EF00A4F08D /* Car_YearsTests.swift */ = {isa = PBXFileReference; lastKnownFileType = sourcecode.swift; path = Car_YearsTests.swift; sourceTree = "<group>"; };
		CED6A7841ABAC44900A4F08D /* cat.jpg */ = {isa = PBXFileReference; lastKnownFileType = image.jpeg; path = cat.jpg; sourceTree = "<group>"; };
/* End PBXFileReference section */

/* Begin PBXFrameworksBuildPhase section */
		CED6A75C1ABAC2EF00A4F08D /* Frameworks */ = {
			isa = PBXFrameworksBuildPhase;
			buildActionMask = 2147483647;
			files = (
			);
			runOnlyForDeploymentPostprocessing = 0;
		};
		CED6A7711ABAC2EF00A4F08D /* Frameworks */ = {
			isa = PBXFrameworksBuildPhase;
			buildActionMask = 2147483647;
			files = (
			);
			runOnlyForDeploymentPostprocessing = 0;
		};
/* End PBXFrameworksBuildPhase section */

/* Begin PBXGroup section */
		CED6A7561ABAC2EF00A4F08D = {
			isa = PBXGroup;
			children = (
				CED6A7611ABAC2EF00A4F08D /* Car Years */,
				CED6A7771ABAC2EF00A4F08D /* Car YearsTests */,
				CED6A7601ABAC2EF00A4F08D /* Products */,
			);
			sourceTree = "<group>";
		};
		CED6A7601ABAC2EF00A4F08D /* Products */ = {
			isa = PBXGroup;
			children = (
				CED6A75F1ABAC2EF00A4F08D /* Car Years.app */,
				CED6A7741ABAC2EF00A4F08D /* Car YearsTests.xctest */,
			);
			name = Products;
			sourceTree = "<group>";
		};
		CED6A7611ABAC2EF00A4F08D /* Car Years */ = {
			isa = PBXGroup;
			children = (
				CED6A7641ABAC2EF00A4F08D /* AppDelegate.swift */,
				CED6A7661ABAC2EF00A4F08D /* ViewController.swift */,
				CED6A7681ABAC2EF00A4F08D /* Main.storyboard */,
				CED6A7841ABAC44900A4F08D /* cat.jpg */,
				CED6A76B1ABAC2EF00A4F08D /* Images.xcassets */,
				CED6A76D1ABAC2EF00A4F08D /* LaunchScreen.xib */,
				CED6A7621ABAC2EF00A4F08D /* Supporting Files */,
			);
			path = "Car Years";
			sourceTree = "<group>";
		};
		CED6A7621ABAC2EF00A4F08D /* Supporting Files */ = {
			isa = PBXGroup;
			children = (
				CED6A7631ABAC2EF00A4F08D /* Info.plist */,
			);
			name = "Supporting Files";
			sourceTree = "<group>";
		};
		CED6A7771ABAC2EF00A4F08D /* Car YearsTests */ = {
			isa = PBXGroup;
			children = (
				CED6A77A1ABAC2EF00A4F08D /* Car_YearsTests.swift */,
				CED6A7781ABAC2EF00A4F08D /* Supporting Files */,
			);
			path = "Car YearsTests";
			sourceTree = "<group>";
		};
		CED6A7781ABAC2EF00A4F08D /* Supporting Files */ = {
			isa = PBXGroup;
			children = (
				CED6A7791ABAC2EF00A4F08D /* Info.plist */,
			);
			name = "Supporting Files";
			sourceTree = "<group>";
		};
/* End PBXGroup section */

/* Begin PBXNativeTarget section */
		CED6A75E1ABAC2EF00A4F08D /* Car Years */ = {
			isa = PBXNativeTarget;
			buildConfigurationList = CED6A77E1ABAC2EF00A4F08D /* Build configuration list for PBXNativeTarget "Car Years" */;
			buildPhases = (
				CED6A75B1ABAC2EF00A4F08D /* Sources */,
				CED6A75C1ABAC2EF00A4F08D /* Frameworks */,
				CED6A75D1ABAC2EF00A4F08D /* Resources */,
			);
			buildRules = (
			);
			dependencies = (
			);
			name = "Car Years";
			productName = "Car Years";
			productReference = CED6A75F1ABAC2EF00A4F08D /* Car Years.app */;
			productType = "com.apple.product-type.application";
		};
		CED6A7731ABAC2EF00A4F08D /* Car YearsTests */ = {
			isa = PBXNativeTarget;
			buildConfigurationList = CED6A7811ABAC2EF00A4F08D /* Build configuration list for PBXNativeTarget "Car YearsTests" */;
			buildPhases = (
				CED6A7701ABAC2EF00A4F08D /* Sources */,
				CED6A7711ABAC2EF00A4F08D /* Frameworks */,
				CED6A7721ABAC2EF00A4F08D /* Resources */,
			);
			buildRules = (
			);
			dependencies = (
				CED6A7761ABAC2EF00A4F08D /* PBXTargetDependency */,
			);
			name = "Car YearsTests";
			productName = "Car YearsTests";
			productReference = CED6A7741ABAC2EF00A4F08D /* Car YearsTests.xctest */;
			productType = "com.apple.product-type.bundle.unit-test";
		};
/* End PBXNativeTarget section */

/* Begin PBXProject section */
		CED6A7571ABAC2EF00A4F08D /* Project object */ = {
			isa = PBXProject;
			attributes = {
				LastUpgradeCheck = 0620;
				ORGANIZATIONNAME = "Matthew Falzon";
				TargetAttributes = {
					CED6A75E1ABAC2EF00A4F08D = {
						CreatedOnToolsVersion = 6.2;
					};
					CED6A7731ABAC2EF00A4F08D = {
						CreatedOnToolsVersion = 6.2;
						TestTargetID = CED6A75E1ABAC2EF00A4F08D;
					};
				};
			};
			buildConfigurationList = CED6A75A1ABAC2EF00A4F08D /* Build configuration list for PBXProject "Car Years" */;
			compatibilityVersion = "Xcode 3.2";
			developmentRegion = English;
			hasScannedForEncodings = 0;
			knownRegions = (
				en,
				Base,
			);
			mainGroup = CED6A7561ABAC2EF00A4F08D;
			productRefGroup = CED6A7601ABAC2EF00A4F08D /* Products */;
			projectDirPath = "";
			projectRoot = "";
			targets = (
				CED6A75E1ABAC2EF00A4F08D /* Car Years */,
				CED6A7731ABAC2EF00A4F08D /* Car YearsTests */,
			);
		};
/* End PBXProject section */

/* Begin PBXResourcesBuildPhase section */
		CED6A75D1ABAC2EF00A4F08D /* Resources */ = {
			isa = PBXResourcesBuildPhase;
			buildActionMask = 2147483647;
			files = (
				CED6A76A1ABAC2EF00A4F08D /* Main.storyboard in Resources */,
				CED6A76F1ABAC2EF00A4F08D /* LaunchScreen.xib in Resources */,
				CED6A7851ABAC44900A4F08D /* cat.jpg in Resources */,
				CED6A76C1ABAC2EF00A4F08D /* Images.xcassets in Resources */,
			);
			runOnlyForDeploymentPostprocessing = 0;
		};
		CED6A7721ABAC2EF00A4F08D /* Resources */ = {
			isa = PBXResourcesBuildPhase;
			buildActionMask = 2147483647;
			files = (
			);
			runOnlyForDeploymentPostprocessing = 0;
		};
/* End PBXResourcesBuildPhase section */

/* Begin PBXSourcesBuildPhase section */
		CED6A75B1ABAC2EF00A4F08D /* Sources */ = {
			isa = PBXSourcesBuildPhase;
			buildActionMask = 2147483647;
			files = (
				CED6A7671ABAC2EF00A4F08D /* ViewController.swift in Sources */,
				CED6A7651ABAC2EF00A4F08D /* AppDelegate.swift in Sources */,
			);
			runOnlyForDeploymentPostprocessing = 0;
		};
		CED6A7701ABAC2EF00A4F08D /* Sources */ = {
			isa = PBXSourcesBuildPhase;
			buildActionMask = 2147483647;
			files = (
				CED6A77B1ABAC2EF00A4F08D /* Car_YearsTests.swift in Sources */,
			);
			runOnlyForDeploymentPostprocessing = 0;
		};
/* End PBXSourcesBuildPhase section */

/* Begin PBXTargetDependency section */
		CED6A7761ABAC2EF00A4F08D /* PBXTargetDependency */ = {
			isa = PBXTargetDependency;
			target = CED6A75E1ABAC2EF00A4F08D /* Car Years */;
			targetProxy = CED6A7751ABAC2EF00A4F08D /* PBXContainerItemProxy */;
		};
/* End PBXTargetDependency section */

/* Begin PBXVariantGroup section */
		CED6A7681ABAC2EF00A4F08D /* Main.storyboard */ = {
			isa = PBXVariantGroup;
			children = (
				CED6A7691ABAC2EF00A4F08D /* Base */,
			);
			name = Main.storyboard;
			sourceTree = "<group>";
		};
		CED6A76D1ABAC2EF00A4F08D /* LaunchScreen.xib */ = {
			isa = PBXVariantGroup;
			children = (
				CED6A76E1ABAC2EF00A4F08D /* Base */,
			);
			name = LaunchScreen.xib;
			sourceTree = "<group>";
		};
/* End PBXVariantGroup section */

/* Begin XCBuildConfiguration section */
		CED6A77C1ABAC2EF00A4F08D /* Debug */ = {
			isa = XCBuildConfiguration;
			buildSettings = {
				ALWAYS_SEARCH_USER_PATHS = NO;
				CLANG_CXX_LANGUAGE_STANDARD = "gnu++0x";
				CLANG_CXX_LIBRARY = "libc++";
				CLANG_ENABLE_MODULES = YES;
				CLANG_ENABLE_OBJC_ARC = YES;
				CLANG_WARN_BOOL_CONVERSION = YES;
				CLANG_WARN_CONSTANT_CONVERSION = YES;
				CLANG_WARN_DIRECT_OBJC_ISA_USAGE = YES_ERROR;
				CLANG_WARN_EMPTY_BODY = YES;
				CLANG_WARN_ENUM_CONVERSION = YES;
				CLANG_WARN_INT_CONVERSION = YES;
				CLANG_WARN_OBJC_ROOT_CLASS = YES_ERROR;
				CLANG_WARN_UNREACHABLE_CODE = YES;
				CLANG_WARN__DUPLICATE_METHOD_MATCH = YES;
				"CODE_SIGN_IDENTITY[sdk=iphoneos*]" = "iPhone Developer";
				COPY_PHASE_STRIP = NO;
				ENABLE_STRICT_OBJC_MSGSEND = YES;
				GCC_C_LANGUAGE_STANDARD = gnu99;
				GCC_DYNAMIC_NO_PIC = NO;
				GCC_OPTIMIZATION_LEVEL = 0;
				GCC_PREPROCESSOR_DEFINITIONS = (
					"DEBUG=1",
					"$(inherited)",
				);
				GCC_SYMBOLS_PRIVATE_EXTERN = NO;
				GCC_WARN_64_TO_32_BIT_CONVERSION = YES;
				GCC_WARN_ABOUT_RETURN_TYPE = YES_ERROR;
				GCC_WARN_UNDECLARED_SELECTOR = YES;
				GCC_WARN_UNINITIALIZED_AUTOS = YES_AGGRESSIVE;
				GCC_WARN_UNUSED_FUNCTION = YES;
				GCC_WARN_UNUSED_VARIABLE = YES;
				IPHONEOS_DEPLOYMENT_TARGET = 8.2;
				MTL_ENABLE_DEBUG_INFO = YES;
				ONLY_ACTIVE_ARCH = YES;
				SDKROOT = iphoneos;
				SWIFT_OPTIMIZATION_LEVEL = "-Onone";
			};
			name = Debug;
		};
		CED6A77D1ABAC2EF00A4F08D /* Release */ = {
			isa = XCBuildConfiguration;
			buildSettings = {
				ALWAYS_SEARCH_USER_PATHS = NO;
				CLANG_CXX_LANGUAGE_STANDARD = "gnu++0x";
				CLANG_CXX_LIBRARY = "libc++";
				CLANG_ENABLE_MODULES = YES;
				CLANG_ENABLE_OBJC_ARC = YES;
				CLANG_WARN_BOOL_CONVERSION = YES;
				CLANG_WARN_CONSTANT_CONVERSION = YES;
				CLANG_WARN_DIRECT_OBJC_ISA_USAGE = YES_ERROR;
				CLANG_WARN_EMPTY_BODY = YES;
				CLANG_WARN_ENUM_CONVERSION = YES;
				CLANG_WARN_INT_CONVERSION = YES;
				CLANG_WARN_OBJC_ROOT_CLASS = YES_ERROR;
				CLANG_WARN_UNREACHABLE_CODE = YES;
				CLANG_WARN__DUPLICATE_METHOD_MATCH = YES;
				"CODE_SIGN_IDENTITY[sdk=iphoneos*]" = "iPhone Developer";
				COPY_PHASE_STRIP = NO;
				ENABLE_NS_ASSERTIONS = NO;
				ENABLE_STRICT_OBJC_MSGSEND = YES;
				GCC_C_LANGUAGE_STANDARD = gnu99;
				GCC_WARN_64_TO_32_BIT_CONVERSION = YES;
				GCC_WARN_ABOUT_RETURN_TYPE = YES_ERROR;
				GCC_WARN_UNDECLARED_SELECTOR = YES;
				GCC_WARN_UNINITIALIZED_AUTOS = YES_AGGRESSIVE;
				GCC_WARN_UNUSED_FUNCTION = YES;
				GCC_WARN_UNUSED_VARIABLE = YES;
				IPHONEOS_DEPLOYMENT_TARGET = 8.2;
				MTL_ENABLE_DEBUG_INFO = NO;
				SDKROOT = iphoneos;
				VALIDATE_PRODUCT = YES;
			};
			name = Release;
		};
		CED6A77F1ABAC2EF00A4F08D /* Debug */ = {
			isa = XCBuildConfiguration;
			buildSettings = {
				ASSETCATALOG_COMPILER_APPICON_NAME = AppIcon;
				INFOPLIST_FILE = "Car Years/Info.plist";
				LD_RUNPATH_SEARCH_PATHS = "$(inherited) @executable_path/Frameworks";
				PRODUCT_NAME = "$(TARGET_NAME)";
			};
			name = Debug;
		};
		CED6A7801ABAC2EF00A4F08D /* Release */ = {
			isa = XCBuildConfiguration;
			buildSettings = {
				ASSETCATALOG_COMPILER_APPICON_NAME = AppIcon;
				INFOPLIST_FILE = "Car Years/Info.plist";
				LD_RUNPATH_SEARCH_PATHS = "$(inherited) @executable_path/Frameworks";
				PRODUCT_NAME = "$(TARGET_NAME)";
			};
			name = Release;
		};
		CED6A7821ABAC2EF00A4F08D /* Debug */ = {
			isa = XCBuildConfiguration;
			buildSettings = {
				BUNDLE_LOADER = "$(TEST_HOST)";
				FRAMEWORK_SEARCH_PATHS = (
					"$(SDKROOT)/Developer/Library/Frameworks",
					"$(inherited)",
				);
				GCC_PREPROCESSOR_DEFINITIONS = (
					"DEBUG=1",
					"$(inherited)",
				);
				INFOPLIST_FILE = "Car YearsTests/Info.plist";
				LD_RUNPATH_SEARCH_PATHS = "$(inherited) @executable_path/Frameworks @loader_path/Frameworks";
				PRODUCT_NAME = "$(TARGET_NAME)";
				TEST_HOST = "$(BUILT_PRODUCTS_DIR)/Car Years.app/Car Years";
			};
			name = Debug;
		};
		CED6A7831ABAC2EF00A4F08D /* Release */ = {
			isa = XCBuildConfiguration;
			buildSettings = {
				BUNDLE_LOADER = "$(TEST_HOST)";
				FRAMEWORK_SEARCH_PATHS = (
					"$(SDKROOT)/Developer/Library/Frameworks",
					"$(inherited)",
				);
				INFOPLIST_FILE = "Car YearsTests/Info.plist";
				LD_RUNPATH_SEARCH_PATHS = "$(inherited) @executable_path/Frameworks @loader_path/Frameworks";
				PRODUCT_NAME = "$(TARGET_NAME)";
				TEST_HOST = "$(BUILT_PRODUCTS_DIR)/Car Years.app/Car Years";
			};
			name = Release;
		};
/* End XCBuildConfiguration section */

/* Begin XCConfigurationList section */
		CED6A75A1ABAC2EF00A4F08D /* Build configuration list for PBXProject "Car Years" */ = {
			isa = XCConfigurationList;
			buildConfigurations = (
				CED6A77C1ABAC2EF00A4F08D /* Debug */,
				CED6A77D1ABAC2EF00A4F08D /* Release */,
			);
			defaultConfigurationIsVisible = 0;
			defaultConfigurationName = Release;
		};
		CED6A77E1ABAC2EF00A4F08D /* Build configuration list for PBXNativeTarget "Car Years" */ = {
			isa = XCConfigurationList;
			buildConfigurations = (
				CED6A77F1ABAC2EF00A4F08D /* Debug */,
				CED6A7801ABAC2EF00A4F08D /* Release */,
			);
			defaultConfigurationIsVisible = 0;
		};
		CED6A7811ABAC2EF00A4F08D /* Build configuration list for PBXNativeTarget "Car YearsTests" */ = {
			isa = XCConfigurationList;
			buildConfigurations = (
				CED6A7821ABAC2EF00A4F08D /* Debug */,
				CED6A7831ABAC2EF00A4F08D /* Release */,
			);
			defaultConfigurationIsVisible = 0;
		};
/* End XCConfigurationList section */
	};
	rootObject = CED6A7571ABAC2EF00A4F08D /* Project object */;
}
